// !$*UTF8*$!
{
	archiveVersion = 1;
	classes = {
	};
	objectVersion = 55;
	objects = {

/* Begin PBXBuildFile section */
		CA21D5DF28778E5D000BC6E3 /* AppDelegate.swift in Sources */ = {isa = PBXBuildFile; fileRef = CA21D5DE28778E5D000BC6E3 /* AppDelegate.swift */; };
		CA21D5E128778E5D000BC6E3 /* SceneDelegate.swift in Sources */ = {isa = PBXBuildFile; fileRef = CA21D5E028778E5D000BC6E3 /* SceneDelegate.swift */; };
		CA21D5E328778E5D000BC6E3 /* ViewController.swift in Sources */ = {isa = PBXBuildFile; fileRef = CA21D5E228778E5D000BC6E3 /* ViewController.swift */; };
		CA21D5E628778E5D000BC6E3 /* Main.storyboard in Resources */ = {isa = PBXBuildFile; fileRef = CA21D5E428778E5D000BC6E3 /* Main.storyboard */; };
		CA21D5E828778E5D000BC6E3 /* Assets.xcassets in Resources */ = {isa = PBXBuildFile; fileRef = CA21D5E728778E5D000BC6E3 /* Assets.xcassets */; };
		CA21D5EB28778E5D000BC6E3 /* LaunchScreen.storyboard in Resources */ = {isa = PBXBuildFile; fileRef = CA21D5E928778E5D000BC6E3 /* LaunchScreen.storyboard */; };
		CA21D5F628778E5D000BC6E3 /* CubeTests.swift in Sources */ = {isa = PBXBuildFile; fileRef = CA21D5F528778E5D000BC6E3 /* CubeTests.swift */; };
		CA21D60028778E5D000BC6E3 /* CubeUITests.swift in Sources */ = {isa = PBXBuildFile; fileRef = CA21D5FF28778E5D000BC6E3 /* CubeUITests.swift */; };
		CA21D60228778E5D000BC6E3 /* CubeUITestsLaunchTests.swift in Sources */ = {isa = PBXBuildFile; fileRef = CA21D60128778E5D000BC6E3 /* CubeUITestsLaunchTests.swift */; };
/* End PBXBuildFile section */

/* Begin PBXContainerItemProxy section */
		CA21D5F228778E5D000BC6E3 /* PBXContainerItemProxy */ = {
			isa = PBXContainerItemProxy;
			containerPortal = CA21D5D328778E5D000BC6E3 /* Project object */;
			proxyType = 1;
			remoteGlobalIDString = CA21D5DA28778E5D000BC6E3;
			remoteInfo = Cube;
		};
		CA21D5FC28778E5D000BC6E3 /* PBXContainerItemProxy */ = {
			isa = PBXContainerItemProxy;
			containerPortal = CA21D5D328778E5D000BC6E3 /* Project object */;
			proxyType = 1;
			remoteGlobalIDString = CA21D5DA28778E5D000BC6E3;
			remoteInfo = Cube;
		};
/* End PBXContainerItemProxy section */

/* Begin PBXFileReference section */
		CA21D5DB28778E5D000BC6E3 /* Cube.app */ = {isa = PBXFileReference; explicitFileType = wrapper.application; includeInIndex = 0; path = Cube.app; sourceTree = BUILT_PRODUCTS_DIR; };
		CA21D5DE28778E5D000BC6E3 /* AppDelegate.swift */ = {isa = PBXFileReference; lastKnownFileType = sourcecode.swift; path = AppDelegate.swift; sourceTree = "<group>"; };
		CA21D5E028778E5D000BC6E3 /* SceneDelegate.swift */ = {isa = PBXFileReference; lastKnownFileType = sourcecode.swift; path = SceneDelegate.swift; sourceTree = "<group>"; };
		CA21D5E228778E5D000BC6E3 /* ViewController.swift */ = {isa = PBXFileReference; lastKnownFileType = sourcecode.swift; path = ViewController.swift; sourceTree = "<group>"; };
		CA21D5E528778E5D000BC6E3 /* Base */ = {isa = PBXFileReference; lastKnownFileType = file.storyboard; name = Base; path = Base.lproj/Main.storyboard; sourceTree = "<group>"; };
		CA21D5E728778E5D000BC6E3 /* Assets.xcassets */ = {isa = PBXFileReference; lastKnownFileType = folder.assetcatalog; path = Assets.xcassets; sourceTree = "<group>"; };
		CA21D5EA28778E5D000BC6E3 /* Base */ = {isa = PBXFileReference; lastKnownFileType = file.storyboard; name = Base; path = Base.lproj/LaunchScreen.storyboard; sourceTree = "<group>"; };
		CA21D5EC28778E5D000BC6E3 /* Info.plist */ = {isa = PBXFileReference; lastKnownFileType = text.plist.xml; path = Info.plist; sourceTree = "<group>"; };
		CA21D5F128778E5D000BC6E3 /* CubeTests.xctest */ = {isa = PBXFileReference; explicitFileType = wrapper.cfbundle; includeInIndex = 0; path = CubeTests.xctest; sourceTree = BUILT_PRODUCTS_DIR; };
		CA21D5F528778E5D000BC6E3 /* CubeTests.swift */ = {isa = PBXFileReference; lastKnownFileType = sourcecode.swift; path = CubeTests.swift; sourceTree = "<group>"; };
		CA21D5FB28778E5D000BC6E3 /* CubeUITests.xctest */ = {isa = PBXFileReference; explicitFileType = wrapper.cfbundle; includeInIndex = 0; path = CubeUITests.xctest; sourceTree = BUILT_PRODUCTS_DIR; };
		CA21D5FF28778E5D000BC6E3 /* CubeUITests.swift */ = {isa = PBXFileReference; lastKnownFileType = sourcecode.swift; path = CubeUITests.swift; sourceTree = "<group>"; };
		CA21D60128778E5D000BC6E3 /* CubeUITestsLaunchTests.swift */ = {isa = PBXFileReference; lastKnownFileType = sourcecode.swift; path = CubeUITestsLaunchTests.swift; sourceTree = "<group>"; };
/* End PBXFileReference section */

/* Begin PBXFrameworksBuildPhase section */
		CA21D5D828778E5D000BC6E3 /* Frameworks */ = {
			isa = PBXFrameworksBuildPhase;
			buildActionMask = 2147483647;
			files = (
			);
			runOnlyForDeploymentPostprocessing = 0;
		};
		CA21D5EE28778E5D000BC6E3 /* Frameworks */ = {
			isa = PBXFrameworksBuildPhase;
			buildActionMask = 2147483647;
			files = (
			);
			runOnlyForDeploymentPostprocessing = 0;
		};
		CA21D5F828778E5D000BC6E3 /* Frameworks */ = {
			isa = PBXFrameworksBuildPhase;
			buildActionMask = 2147483647;
			files = (
			);
			runOnlyForDeploymentPostprocessing = 0;
		};
/* End PBXFrameworksBuildPhase section */

/* Begin PBXGroup section */
		CA21D5D228778E5D000BC6E3 = {
			isa = PBXGroup;
			children = (
				CA21D5DD28778E5D000BC6E3 /* Cube */,
				CA21D5F428778E5D000BC6E3 /* CubeTests */,
				CA21D5FE28778E5D000BC6E3 /* CubeUITests */,
				CA21D5DC28778E5D000BC6E3 /* Products */,
			);
			sourceTree = "<group>";
		};
		CA21D5DC28778E5D000BC6E3 /* Products */ = {
			isa = PBXGroup;
			children = (
				CA21D5DB28778E5D000BC6E3 /* Cube.app */,
				CA21D5F128778E5D000BC6E3 /* CubeTests.xctest */,
				CA21D5FB28778E5D000BC6E3 /* CubeUITests.xctest */,
			);
			name = Products;
			sourceTree = "<group>";
		};
		CA21D5DD28778E5D000BC6E3 /* Cube */ = {
			isa = PBXGroup;
			children = (
				CA21D5DE28778E5D000BC6E3 /* AppDelegate.swift */,
				CA21D5E028778E5D000BC6E3 /* SceneDelegate.swift */,
				CA21D5E228778E5D000BC6E3 /* ViewController.swift */,
				CA21D5E428778E5D000BC6E3 /* Main.storyboard */,
				CA21D5E728778E5D000BC6E3 /* Assets.xcassets */,
				CA21D5E928778E5D000BC6E3 /* LaunchScreen.storyboard */,
				CA21D5EC28778E5D000BC6E3 /* Info.plist */,
			);
			path = Cube;
			sourceTree = "<group>";
		};
		CA21D5F428778E5D000BC6E3 /* CubeTests */ = {
			isa = PBXGroup;
			children = (
				CA21D5F528778E5D000BC6E3 /* CubeTests.swift */,
			);
			path = CubeTests;
			sourceTree = "<group>";
		};
		CA21D5FE28778E5D000BC6E3 /* CubeUITests */ = {
			isa = PBXGroup;
			children = (
				CA21D5FF28778E5D000BC6E3 /* CubeUITests.swift */,
				CA21D60128778E5D000BC6E3 /* CubeUITestsLaunchTests.swift */,
			);
			path = CubeUITests;
			sourceTree = "<group>";
		};
/* End PBXGroup section */

/* Begin PBXNativeTarget section */
		CA21D5DA28778E5D000BC6E3 /* Cube */ = {
			isa = PBXNativeTarget;
			buildConfigurationList = CA21D60528778E5D000BC6E3 /* Build configuration list for PBXNativeTarget "Cube" */;
			buildPhases = (
				CA21D5D728778E5D000BC6E3 /* Sources */,
				CA21D5D828778E5D000BC6E3 /* Frameworks */,
				CA21D5D928778E5D000BC6E3 /* Resources */,
			);
			buildRules = (
			);
			dependencies = (
			);
			name = Cube;
			productName = Cube;
			productReference = CA21D5DB28778E5D000BC6E3 /* Cube.app */;
			productType = "com.apple.product-type.application";
		};
		CA21D5F028778E5D000BC6E3 /* CubeTests */ = {
			isa = PBXNativeTarget;
			buildConfigurationList = CA21D60828778E5D000BC6E3 /* Build configuration list for PBXNativeTarget "CubeTests" */;
			buildPhases = (
				CA21D5ED28778E5D000BC6E3 /* Sources */,
				CA21D5EE28778E5D000BC6E3 /* Frameworks */,
				CA21D5EF28778E5D000BC6E3 /* Resources */,
			);
			buildRules = (
			);
			dependencies = (
				CA21D5F328778E5D000BC6E3 /* PBXTargetDependency */,
			);
			name = CubeTests;
			productName = CubeTests;
			productReference = CA21D5F128778E5D000BC6E3 /* CubeTests.xctest */;
			productType = "com.apple.product-type.bundle.unit-test";
		};
		CA21D5FA28778E5D000BC6E3 /* CubeUITests */ = {
			isa = PBXNativeTarget;
			buildConfigurationList = CA21D60B28778E5D000BC6E3 /* Build configuration list for PBXNativeTarget "CubeUITests" */;
			buildPhases = (
				CA21D5F728778E5D000BC6E3 /* Sources */,
				CA21D5F828778E5D000BC6E3 /* Frameworks */,
				CA21D5F928778E5D000BC6E3 /* Resources */,
			);
			buildRules = (
			);
			dependencies = (
				CA21D5FD28778E5D000BC6E3 /* PBXTargetDependency */,
			);
			name = CubeUITests;
			productName = CubeUITests;
			productReference = CA21D5FB28778E5D000BC6E3 /* CubeUITests.xctest */;
			productType = "com.apple.product-type.bundle.ui-testing";
		};
/* End PBXNativeTarget section */

/* Begin PBXProject section */
		CA21D5D328778E5D000BC6E3 /* Project object */ = {
			isa = PBXProject;
			attributes = {
				BuildIndependentTargetsInParallel = 1;
				LastSwiftUpdateCheck = 1340;
				LastUpgradeCheck = 1340;
				TargetAttributes = {
					CA21D5DA28778E5D000BC6E3 = {
						CreatedOnToolsVersion = 13.4.1;
					};
					CA21D5F028778E5D000BC6E3 = {
						CreatedOnToolsVersion = 13.4.1;
						TestTargetID = CA21D5DA28778E5D000BC6E3;
					};
					CA21D5FA28778E5D000BC6E3 = {
						CreatedOnToolsVersion = 13.4.1;
						TestTargetID = CA21D5DA28778E5D000BC6E3;
					};
				};
			};
			buildConfigurationList = CA21D5D628778E5D000BC6E3 /* Build configuration list for PBXProject "Cube" */;
			compatibilityVersion = "Xcode 13.0";
			developmentRegion = en;
			hasScannedForEncodings = 0;
			knownRegions = (
				en,
				Base,
			);
			mainGroup = CA21D5D228778E5D000BC6E3;
			productRefGroup = CA21D5DC28778E5D000BC6E3 /* Products */;
			projectDirPath = "";
			projectRoot = "";
			targets = (
				CA21D5DA28778E5D000BC6E3 /* Cube */,
				CA21D5F028778E5D000BC6E3 /* CubeTests */,
				CA21D5FA28778E5D000BC6E3 /* CubeUITests */,
			);
		};
/* End PBXProject section */

/* Begin PBXResourcesBuildPhase section */
		CA21D5D928778E5D000BC6E3 /* Resources */ = {
			isa = PBXResourcesBuildPhase;
			buildActionMask = 2147483647;
			files = (
				CA21D5EB28778E5D000BC6E3 /* LaunchScreen.storyboard in Resources */,
				CA21D5E828778E5D000BC6E3 /* Assets.xcassets in Resources */,
				CA21D5E628778E5D000BC6E3 /* Main.storyboard in Resources */,
			);
			runOnlyForDeploymentPostprocessing = 0;
		};
		CA21D5EF28778E5D000BC6E3 /* Resources */ = {
			isa = PBXResourcesBuildPhase;
			buildActionMask = 2147483647;
			files = (
			);
			runOnlyForDeploymentPostprocessing = 0;
		};
		CA21D5F928778E5D000BC6E3 /* Resources */ = {
			isa = PBXResourcesBuildPhase;
			buildActionMask = 2147483647;
			files = (
			);
			runOnlyForDeploymentPostprocessing = 0;
		};
/* End PBXResourcesBuildPhase section */

/* Begin PBXSourcesBuildPhase section */
		CA21D5D728778E5D000BC6E3 /* Sources */ = {
			isa = PBXSourcesBuildPhase;
			buildActionMask = 2147483647;
			files = (
				CA21D5E328778E5D000BC6E3 /* ViewController.swift in Sources */,
				CA21D5DF28778E5D000BC6E3 /* AppDelegate.swift in Sources */,
				CA21D5E128778E5D000BC6E3 /* SceneDelegate.swift in Sources */,
			);
			runOnlyForDeploymentPostprocessing = 0;
		};
		CA21D5ED28778E5D000BC6E3 /* Sources */ = {
			isa = PBXSourcesBuildPhase;
			buildActionMask = 2147483647;
			files = (
				CA21D5F628778E5D000BC6E3 /* CubeTests.swift in Sources */,
			);
			runOnlyForDeploymentPostprocessing = 0;
		};
		CA21D5F728778E5D000BC6E3 /* Sources */ = {
			isa = PBXSourcesBuildPhase;
			buildActionMask = 2147483647;
			files = (
				CA21D60028778E5D000BC6E3 /* CubeUITests.swift in Sources */,
				CA21D60228778E5D000BC6E3 /* CubeUITestsLaunchTests.swift in Sources */,
			);
			runOnlyForDeploymentPostprocessing = 0;
		};
/* End PBXSourcesBuildPhase section */

/* Begin PBXTargetDependency section */
		CA21D5F328778E5D000BC6E3 /* PBXTargetDependency */ = {
			isa = PBXTargetDependency;
			target = CA21D5DA28778E5D000BC6E3 /* Cube */;
			targetProxy = CA21D5F228778E5D000BC6E3 /* PBXContainerItemProxy */;
		};
		CA21D5FD28778E5D000BC6E3 /* PBXTargetDependency */ = {
			isa = PBXTargetDependency;
			target = CA21D5DA28778E5D000BC6E3 /* Cube */;
			targetProxy = CA21D5FC28778E5D000BC6E3 /* PBXContainerItemProxy */;
		};
/* End PBXTargetDependency section */

/* Begin PBXVariantGroup section */
		CA21D5E428778E5D000BC6E3 /* Main.storyboard */ = {
			isa = PBXVariantGroup;
			children = (
				CA21D5E528778E5D000BC6E3 /* Base */,
			);
			name = Main.storyboard;
			sourceTree = "<group>";
		};
		CA21D5E928778E5D000BC6E3 /* LaunchScreen.storyboard */ = {
			isa = PBXVariantGroup;
			children = (
				CA21D5EA28778E5D000BC6E3 /* Base */,
			);
			name = LaunchScreen.storyboard;
			sourceTree = "<group>";
		};
/* End PBXVariantGroup section */

/* Begin XCBuildConfiguration section */
		CA21D60328778E5D000BC6E3 /* Debug */ = {
			isa = XCBuildConfiguration;
			buildSettings = {
				ALWAYS_SEARCH_USER_PATHS = NO;
				CLANG_ANALYZER_NONNULL = YES;
				CLANG_ANALYZER_NUMBER_OBJECT_CONVERSION = YES_AGGRESSIVE;
				CLANG_CXX_LANGUAGE_STANDARD = "gnu++17";
				CLANG_ENABLE_MODULES = YES;
				CLANG_ENABLE_OBJC_ARC = YES;
				CLANG_ENABLE_OBJC_WEAK = YES;
				CLANG_WARN_BLOCK_CAPTURE_AUTORELEASING = YES;
				CLANG_WARN_BOOL_CONVERSION = YES;
				CLANG_WARN_COMMA = YES;
				CLANG_WARN_CONSTANT_CONVERSION = YES;
				CLANG_WARN_DEPRECATED_OBJC_IMPLEMENTATIONS = YES;
				CLANG_WARN_DIRECT_OBJC_ISA_USAGE = YES_ERROR;
				CLANG_WARN_DOCUMENTATION_COMMENTS = YES;
				CLANG_WARN_EMPTY_BODY = YES;
				CLANG_WARN_ENUM_CONVERSION = YES;
				CLANG_WARN_INFINITE_RECURSION = YES;
				CLANG_WARN_INT_CONVERSION = YES;
				CLANG_WARN_NON_LITERAL_NULL_CONVERSION = YES;
				CLANG_WARN_OBJC_IMPLICIT_RETAIN_SELF = YES;
				CLANG_WARN_OBJC_LITERAL_CONVERSION = YES;
				CLANG_WARN_OBJC_ROOT_CLASS = YES_ERROR;
				CLANG_WARN_QUOTED_INCLUDE_IN_FRAMEWORK_HEADER = YES;
				CLANG_WARN_RANGE_LOOP_ANALYSIS = YES;
				CLANG_WARN_STRICT_PROTOTYPES = YES;
				CLANG_WARN_SUSPICIOUS_MOVE = YES;
				CLANG_WARN_UNGUARDED_AVAILABILITY = YES_AGGRESSIVE;
				CLANG_WARN_UNREACHABLE_CODE = YES;
				CLANG_WARN__DUPLICATE_METHOD_MATCH = YES;
				COPY_PHASE_STRIP = NO;
				DEBUG_INFORMATION_FORMAT = dwarf;
				ENABLE_STRICT_OBJC_MSGSEND = YES;
				ENABLE_TESTABILITY = YES;
				GCC_C_LANGUAGE_STANDARD = gnu11;
				GCC_DYNAMIC_NO_PIC = NO;
				GCC_NO_COMMON_BLOCKS = YES;
				GCC_OPTIMIZATION_LEVEL = 0;
				GCC_PREPROCESSOR_DEFINITIONS = (
					"DEBUG=1",
					"$(inherited)",
				);
				GCC_WARN_64_TO_32_BIT_CONVERSION = YES;
				GCC_WARN_ABOUT_RETURN_TYPE = YES_ERROR;
				GCC_WARN_UNDECLARED_SELECTOR = YES;
				GCC_WARN_UNINITIALIZED_AUTOS = YES_AGGRESSIVE;
				GCC_WARN_UNUSED_FUNCTION = YES;
				GCC_WARN_UNUSED_VARIABLE = YES;
				IPHONEOS_DEPLOYMENT_TARGET = 15.5;
				MTL_ENABLE_DEBUG_INFO = INCLUDE_SOURCE;
				MTL_FAST_MATH = YES;
				ONLY_ACTIVE_ARCH = YES;
				SDKROOT = iphoneos;
				SWIFT_ACTIVE_COMPILATION_CONDITIONS = DEBUG;
				SWIFT_OPTIMIZATION_LEVEL = "-Onone";
			};
			name = Debug;
		};
		CA21D60428778E5D000BC6E3 /* Release */ = {
			isa = XCBuildConfiguration;
			buildSettings = {
				ALWAYS_SEARCH_USER_PATHS = NO;
				CLANG_ANALYZER_NONNULL = YES;
				CLANG_ANALYZER_NUMBER_OBJECT_CONVERSION = YES_AGGRESSIVE;
				CLANG_CXX_LANGUAGE_STANDARD = "gnu++17";
				CLANG_ENABLE_MODULES = YES;
				CLANG_ENABLE_OBJC_ARC = YES;
				CLANG_ENABLE_OBJC_WEAK = YES;
				CLANG_WARN_BLOCK_CAPTURE_AUTORELEASING = YES;
				CLANG_WARN_BOOL_CONVERSION = YES;
				CLANG_WARN_COMMA = YES;
				CLANG_WARN_CONSTANT_CONVERSION = YES;
				CLANG_WARN_DEPRECATED_OBJC_IMPLEMENTATIONS = YES;
				CLANG_WARN_DIRECT_OBJC_ISA_USAGE = YES_ERROR;
				CLANG_WARN_DOCUMENTATION_COMMENTS = YES;
				CLANG_WARN_EMPTY_BODY = YES;
				CLANG_WARN_ENUM_CONVERSION = YES;
				CLANG_WARN_INFINITE_RECURSION = YES;
				CLANG_WARN_INT_CONVERSION = YES;
				CLANG_WARN_NON_LITERAL_NULL_CONVERSION = YES;
				CLANG_WARN_OBJC_IMPLICIT_RETAIN_SELF = YES;
				CLANG_WARN_OBJC_LITERAL_CONVERSION = YES;
				CLANG_WARN_OBJC_ROOT_CLASS = YES_ERROR;
				CLANG_WARN_QUOTED_INCLUDE_IN_FRAMEWORK_HEADER = YES;
				CLANG_WARN_RANGE_LOOP_ANALYSIS = YES;
				CLANG_WARN_STRICT_PROTOTYPES = YES;
				CLANG_WARN_SUSPICIOUS_MOVE = YES;
				CLANG_WARN_UNGUARDED_AVAILABILITY = YES_AGGRESSIVE;
				CLANG_WARN_UNREACHABLE_CODE = YES;
				CLANG_WARN__DUPLICATE_METHOD_MATCH = YES;
				COPY_PHASE_STRIP = NO;
				DEBUG_INFORMATION_FORMAT = "dwarf-with-dsym";
				ENABLE_NS_ASSERTIONS = NO;
				ENABLE_STRICT_OBJC_MSGSEND = YES;
				GCC_C_LANGUAGE_STANDARD = gnu11;
				GCC_NO_COMMON_BLOCKS = YES;
				GCC_WARN_64_TO_32_BIT_CONVERSION = YES;
				GCC_WARN_ABOUT_RETURN_TYPE = YES_ERROR;
				GCC_WARN_UNDECLARED_SELECTOR = YES;
				GCC_WARN_UNINITIALIZED_AUTOS = YES_AGGRESSIVE;
				GCC_WARN_UNUSED_FUNCTION = YES;
				GCC_WARN_UNUSED_VARIABLE = YES;
				IPHONEOS_DEPLOYMENT_TARGET = 15.5;
				MTL_ENABLE_DEBUG_INFO = NO;
				MTL_FAST_MATH = YES;
				SDKROOT = iphoneos;
				SWIFT_COMPILATION_MODE = wholemodule;
				SWIFT_OPTIMIZATION_LEVEL = "-O";
				VALIDATE_PRODUCT = YES;
			};
			name = Release;
		};
		CA21D60628778E5D000BC6E3 /* Debug */ = {
			isa = XCBuildConfiguration;
			buildSettings = {
				ASSETCATALOG_COMPILER_APPICON_NAME = AppIcon;
				ASSETCATALOG_COMPILER_GLOBAL_ACCENT_COLOR_NAME = AccentColor;
				CODE_SIGN_STYLE = Automatic;
				CURRENT_PROJECT_VERSION = 1;
				DEVELOPMENT_TEAM = JJF74M9Z2N;
				GENERATE_INFOPLIST_FILE = YES;
				INFOPLIST_FILE = Cube/Info.plist;
				INFOPLIST_KEY_UIApplicationSupportsIndirectInputEvents = YES;
				INFOPLIST_KEY_UILaunchStoryboardName = LaunchScreen;
				INFOPLIST_KEY_UIMainStoryboardFile = Main;
				INFOPLIST_KEY_UISupportedInterfaceOrientations_iPad = "UIInterfaceOrientationPortrait UIInterfaceOrientationPortraitUpsideDown UIInterfaceOrientationLandscapeLeft UIInterfaceOrientationLandscapeRight";
				INFOPLIST_KEY_UISupportedInterfaceOrientations_iPhone = "UIInterfaceOrientationPortrait UIInterfaceOrientationLandscapeLeft UIInterfaceOrientationLandscapeRight";
				LD_RUNPATH_SEARCH_PATHS = (
					"$(inherited)",
					"@executable_path/Frameworks",
				);
				MARKETING_VERSION = 1.0;
				PRODUCT_BUNDLE_IDENTIFIER = kossios.com.pl.Cube;
				PRODUCT_NAME = "$(TARGET_NAME)";
				SWIFT_EMIT_LOC_STRINGS = YES;
				SWIFT_VERSION = 5.0;
				TARGETED_DEVICE_FAMILY = "1,2";
			};
			name = Debug;
		};
		CA21D60728778E5D000BC6E3 /* Release */ = {
			isa = XCBuildConfiguration;
			buildSettings = {
				ASSETCATALOG_COMPILER_APPICON_NAME = AppIcon;
				ASSETCATALOG_COMPILER_GLOBAL_ACCENT_COLOR_NAME = AccentColor;
				CODE_SIGN_STYLE = Automatic;
				CURRENT_PROJECT_VERSION = 1;
				DEVELOPMENT_TEAM = JJF74M9Z2N;
				GENERATE_INFOPLIST_FILE = YES;
				INFOPLIST_FILE = Cube/Info.plist;
				INFOPLIST_KEY_UIApplicationSupportsIndirectInputEvents = YES;
				INFOPLIST_KEY_UILaunchStoryboardName = LaunchScreen;
				INFOPLIST_KEY_UIMainStoryboardFile = Main;
				INFOPLIST_KEY_UISupportedInterfaceOrientations_iPad = "UIInterfaceOrientationPortrait UIInterfaceOrientationPortraitUpsideDown UIInterfaceOrientationLandscapeLeft UIInterfaceOrientationLandscapeRight";
				INFOPLIST_KEY_UISupportedInterfaceOrientations_iPhone = "UIInterfaceOrientationPortrait UIInterfaceOrientationLandscapeLeft UIInterfaceOrientationLandscapeRight";
				LD_RUNPATH_SEARCH_PATHS = (
					"$(inherited)",
					"@executable_path/Frameworks",
				);
				MARKETING_VERSION = 1.0;
				PRODUCT_BUNDLE_IDENTIFIER = kossios.com.pl.Cube;
				PRODUCT_NAME = "$(TARGET_NAME)";
				SWIFT_EMIT_LOC_STRINGS = YES;
				SWIFT_VERSION = 5.0;
				TARGETED_DEVICE_FAMILY = "1,2";
			};
			name = Release;
		};
		CA21D60928778E5D000BC6E3 /* Debug */ = {
			isa = XCBuildConfiguration;
			buildSettings = {
				ALWAYS_EMBED_SWIFT_STANDARD_LIBRARIES = YES;
				BUNDLE_LOADER = "$(TEST_HOST)";
				CODE_SIGN_STYLE = Automatic;
				CURRENT_PROJECT_VERSION = 1;
				DEVELOPMENT_TEAM = JJF74M9Z2N;
				GENERATE_INFOPLIST_FILE = YES;
				IPHONEOS_DEPLOYMENT_TARGET = 15.5;
				MARKETING_VERSION = 1.0;
				PRODUCT_BUNDLE_IDENTIFIER = kossios.com.pl.CubeTests;
				PRODUCT_NAME = "$(TARGET_NAME)";
				SWIFT_EMIT_LOC_STRINGS = NO;
				SWIFT_VERSION = 5.0;
				TARGETED_DEVICE_FAMILY = "1,2";
				TEST_HOST = "$(BUILT_PRODUCTS_DIR)/Cube.app/Cube";
			};
			name = Debug;
		};
		CA21D60A28778E5D000BC6E3 /* Release */ = {
			isa = XCBuildConfiguration;
			buildSettings = {
				ALWAYS_EMBED_SWIFT_STANDARD_LIBRARIES = YES;
				BUNDLE_LOADER = "$(TEST_HOST)";
				CODE_SIGN_STYLE = Automatic;
				CURRENT_PROJECT_VERSION = 1;
				DEVELOPMENT_TEAM = JJF74M9Z2N;
				GENERATE_INFOPLIST_FILE = YES;
				IPHONEOS_DEPLOYMENT_TARGET = 15.5;
				MARKETING_VERSION = 1.0;
				PRODUCT_BUNDLE_IDENTIFIER = kossios.com.pl.CubeTests;
				PRODUCT_NAME = "$(TARGET_NAME)";
				SWIFT_EMIT_LOC_STRINGS = NO;
				SWIFT_VERSION = 5.0;
				TARGETED_DEVICE_FAMILY = "1,2";
				TEST_HOST = "$(BUILT_PRODUCTS_DIR)/Cube.app/Cube";
			};
			name = Release;
		};
		CA21D60C28778E5D000BC6E3 /* Debug */ = {
			isa = XCBuildConfiguration;
			buildSettings = {
				ALWAYS_EMBED_SWIFT_STANDARD_LIBRARIES = YES;
				CODE_SIGN_STYLE = Automatic;
				CURRENT_PROJECT_VERSION = 1;
				DEVELOPMENT_TEAM = JJF74M9Z2N;
				GENERATE_INFOPLIST_FILE = YES;
				MARKETING_VERSION = 1.0;
				PRODUCT_BUNDLE_IDENTIFIER = kossios.com.pl.CubeUITests;
				PRODUCT_NAME = "$(TARGET_NAME)";
				SWIFT_EMIT_LOC_STRINGS = NO;
				SWIFT_VERSION = 5.0;
				TARGETED_DEVICE_FAMILY = "1,2";
				TEST_TARGET_NAME = Cube;
			};
			name = Debug;
		};
		CA21D60D28778E5D000BC6E3 /* Release */ = {
			isa = XCBuildConfiguration;
			buildSettings = {
				ALWAYS_EMBED_SWIFT_STANDARD_LIBRARIES = YES;
				CODE_SIGN_STYLE = Automatic;
				CURRENT_PROJECT_VERSION = 1;
				DEVELOPMENT_TEAM = JJF74M9Z2N;
				GENERATE_INFOPLIST_FILE = YES;
				MARKETING_VERSION = 1.0;
				PRODUCT_BUNDLE_IDENTIFIER = kossios.com.pl.CubeUITests;
				PRODUCT_NAME = "$(TARGET_NAME)";
				SWIFT_EMIT_LOC_STRINGS = NO;
				SWIFT_VERSION = 5.0;
				TARGETED_DEVICE_FAMILY = "1,2";
				TEST_TARGET_NAME = Cube;
			};
			name = Release;
		};
/* End XCBuildConfiguration section */

/* Begin XCConfigurationList section */
		CA21D5D628778E5D000BC6E3 /* Build configuration list for PBXProject "Cube" */ = {
			isa = XCConfigurationList;
			buildConfigurations = (
				CA21D60328778E5D000BC6E3 /* Debug */,
				CA21D60428778E5D000BC6E3 /* Release */,
			);
			defaultConfigurationIsVisible = 0;
			defaultConfigurationName = Release;
		};
		CA21D60528778E5D000BC6E3 /* Build configuration list for PBXNativeTarget "Cube" */ = {
			isa = XCConfigurationList;
			buildConfigurations = (
				CA21D60628778E5D000BC6E3 /* Debug */,
				CA21D60728778E5D000BC6E3 /* Release */,
			);
			defaultConfigurationIsVisible = 0;
			defaultConfigurationName = Release;
		};
		CA21D60828778E5D000BC6E3 /* Build configuration list for PBXNativeTarget "CubeTests" */ = {
			isa = XCConfigurationList;
			buildConfigurations = (
				CA21D60928778E5D000BC6E3 /* Debug */,
				CA21D60A28778E5D000BC6E3 /* Release */,
			);
			defaultConfigurationIsVisible = 0;
			defaultConfigurationName = Release;
		};
		CA21D60B28778E5D000BC6E3 /* Build configuration list for PBXNativeTarget "CubeUITests" */ = {
			isa = XCConfigurationList;
			buildConfigurations = (
				CA21D60C28778E5D000BC6E3 /* Debug */,
				CA21D60D28778E5D000BC6E3 /* Release */,
			);
			defaultConfigurationIsVisible = 0;
			defaultConfigurationName = Release;
		};
/* End XCConfigurationList section */
	};
	rootObject = CA21D5D328778E5D000BC6E3 /* Project object */;
}
